
Microsoft Visual Studio Solution File, Format Version 12.00
# Visual Studio Version 17
VisualStudioVersion = 17.10.35122.118
MinimumVisualStudioVersion = 10.0.40219.1
Project("{9A19103F-16F7-4668-BE54-9A1E7A4F7556}") = "BattleGearUnpacker.Unpacker", "BattleGearUnpacker.Unpacker\BattleGearUnpacker.Unpacker.csproj", "{591639B4-57F3-478C-9DDA-93A1B82A16CC}"
EndProject
Project("{9A19103F-16F7-4668-BE54-9A1E7A4F7556}") = "BinaryMemory", "..\BinaryMemory\BinaryMemory\BinaryMemory.csproj", "{EC8A6293-D030-4642-8EEC-CD0BDE26C721}"
EndProject
Project("{FAE04EC0-301F-11D3-BF4B-00C04F79EFBC}") = "Pngcs", "Pngcs\Pngcs.csproj", "{EAD93A61-D804-A14F-757D-D128E22A7F97}"
EndProject
Project("{FAE04EC0-301F-11D3-BF4B-00C04F79EFBC}") = "BattleGearUnpacker.Core", "BattleGearUnpacker.Core\BattleGearUnpacker.Core.csproj", "{327CD395-8CC4-4560-870E-EB3816A354E1}"
EndProject
Global
	GlobalSection(SolutionConfigurationPlatforms) = preSolution
		Debug|Any CPU = Debug|Any CPU
		Debug45|Any CPU = Debug45|Any CPU
		Release|Any CPU = Release|Any CPU
		Release45|Any CPU = Release45|Any CPU
	EndGlobalSection
	GlobalSection(ProjectConfigurationPlatforms) = postSolution
		{591639B4-57F3-478C-9DDA-93A1B82A16CC}.Debug|Any CPU.ActiveCfg = Debug|Any CPU
		{591639B4-57F3-478C-9DDA-93A1B82A16CC}.Debug|Any CPU.Build.0 = Debug|Any CPU
		{591639B4-57F3-478C-9DDA-93A1B82A16CC}.Debug45|Any CPU.ActiveCfg = Debug|Any CPU
		{591639B4-57F3-478C-9DDA-93A1B82A16CC}.Debug45|Any CPU.Build.0 = Debug|Any CPU
		{591639B4-57F3-478C-9DDA-93A1B82A16CC}.Release|Any CPU.ActiveCfg = Release|Any CPU
		{591639B4-57F3-478C-9DDA-93A1B82A16CC}.Release|Any CPU.Build.0 = Release|Any CPU
		{591639B4-57F3-478C-9DDA-93A1B82A16CC}.Release45|Any CPU.ActiveCfg = Release|Any CPU
		{591639B4-57F3-478C-9DDA-93A1B82A16CC}.Release45|Any CPU.Build.0 = Release|Any CPU
		{EC8A6293-D030-4642-8EEC-CD0BDE26C721}.Debug|Any CPU.ActiveCfg = Debug|Any CPU
		{EC8A6293-D030-4642-8EEC-CD0BDE26C721}.Debug|Any CPU.Build.0 = Debug|Any CPU
		{EC8A6293-D030-4642-8EEC-CD0BDE26C721}.Debug45|Any CPU.ActiveCfg = Debug|Any CPU
		{EC8A6293-D030-4642-8EEC-CD0BDE26C721}.Debug45|Any CPU.Build.0 = Debug|Any CPU
		{EC8A6293-D030-4642-8EEC-CD0BDE26C721}.Release|Any CPU.ActiveCfg = Release|Any CPU
		{EC8A6293-D030-4642-8EEC-CD0BDE26C721}.Release|Any CPU.Build.0 = Release|Any CPU
		{EC8A6293-D030-4642-8EEC-CD0BDE26C721}.Release45|Any CPU.ActiveCfg = Release|Any CPU
		{EC8A6293-D030-4642-8EEC-CD0BDE26C721}.Release45|Any CPU.Build.0 = Release|Any CPU
		{EAD93A61-D804-A14F-757D-D128E22A7F97}.Debug|Any CPU.ActiveCfg = Debug|Any CPU
		{EAD93A61-D804-A14F-757D-D128E22A7F97}.Debug|Any CPU.Build.0 = Debug|Any CPU
		{EAD93A61-D804-A14F-757D-D128E22A7F97}.Debug45|Any CPU.ActiveCfg = Debug|Any CPU
		{EAD93A61-D804-A14F-757D-D128E22A7F97}.Debug45|Any CPU.Build.0 = Debug|Any CPU
		{EAD93A61-D804-A14F-757D-D128E22A7F97}.Release|Any CPU.ActiveCfg = Release|Any CPU
		{EAD93A61-D804-A14F-757D-D128E22A7F97}.Release|Any CPU.Build.0 = Release|Any CPU
		{EAD93A61-D804-A14F-757D-D128E22A7F97}.Release45|Any CPU.ActiveCfg = Release|Any CPU
		{EAD93A61-D804-A14F-757D-D128E22A7F97}.Release45|Any CPU.Build.0 = Release|Any CPU
		{327CD395-8CC4-4560-870E-EB3816A354E1}.Debug|Any CPU.ActiveCfg = Debug|Any CPU
		{327CD395-8CC4-4560-870E-EB3816A354E1}.Debug|Any CPU.Build.0 = Debug|Any CPU
		{327CD395-8CC4-4560-870E-EB3816A354E1}.Debug45|Any CPU.ActiveCfg = Debug|Any CPU
		{327CD395-8CC4-4560-870E-EB3816A354E1}.Debug45|Any CPU.Build.0 = Debug|Any CPU
		{327CD395-8CC4-4560-870E-EB3816A354E1}.Release|Any CPU.ActiveCfg = Release|Any CPU
		{327CD395-8CC4-4560-870E-EB3816A354E1}.Release|Any CPU.Build.0 = Release|Any CPU
		{327CD395-8CC4-4560-870E-EB3816A354E1}.Release45|Any CPU.ActiveCfg = Release|Any CPU
		{327CD395-8CC4-4560-870E-EB3816A354E1}.Release45|Any CPU.Build.0 = Release|Any CPU
	EndGlobalSection
	GlobalSection(SolutionProperties) = preSolution
		HideSolutionNode = FALSE
	EndGlobalSection
	GlobalSection(ExtensibilityGlobals) = postSolution
		SolutionGuid = {60378028-8E6D-45FA-926C-4FD85A17EACC}
	EndGlobalSection
EndGlobal
